
Microsoft Visual Studio Solution File, Format Version 12.00
# Visual Studio Version 17
VisualStudioVersion = 17.13.35818.85 d17.13
MinimumVisualStudioVersion = 10.0.40219.1
Project("{FAE04EC0-301F-11D3-BF4B-00C04F79EFBC}") = "Task Tracker", "Task Tracker\Task Tracker.csproj", "{FDB68B6E-19B5-407C-BB12-A8671F2F11CD}"
EndProject
Global
	GlobalSection(SolutionConfigurationPlatforms) = preSolution
		Debug|Any CPU = Debug|Any CPU
		Release|Any CPU = Release|Any CPU
	EndGlobalSection
	GlobalSection(ProjectConfigurationPlatforms) = postSolution
		{FDB68B6E-19B5-407C-BB12-A8671F2F11CD}.Debug|Any CPU.ActiveCfg = Debug|Any CPU
		{FDB68B6E-19B5-407C-BB12-A8671F2F11CD}.Debug|Any CPU.Build.0 = Debug|Any CPU
		{FDB68B6E-19B5-407C-BB12-A8671F2F11CD}.Release|Any CPU.ActiveCfg = Release|Any CPU
		{FDB68B6E-19B5-407C-BB12-A8671F2F11CD}.Release|Any CPU.Build.0 = Release|Any CPU
	EndGlobalSection
	GlobalSection(SolutionProperties) = preSolution
		HideSolutionNode = FALSE
	EndGlobalSection
	GlobalSection(ExtensibilityGlobals) = postSolution
		SolutionGuid = {FE6E1903-7079-4A27-9CE3-86E4769464CD}
	EndGlobalSection
EndGlobal
